{
  "name": "pst2pdf",
  "lockfileVersion": 3,
  "requires": true,
  "packages": {
    "": {
      "dependencies": {
        "squad": "^3.0.0"
      }
    },
    "node_modules/squad": {
      "version": "3.0.0",
      "resolved": "https://registry.npmjs.org/squad/-/squad-3.0.0.tgz",
      "integrity": "sha512-0b9yOi+WgNkfpSZcdMLUhu4TQfsXJA5Z3LA9DcS3c0hiQCdPZn3USOfwqrIe/41v4LZsunDu6ZCXZn3qyuMJhA==",
      "license": "MIT"
    }
  }
}
